
Microsoft Visual Studio Solution File, Format Version 12.00
# Visual Studio 15
VisualStudioVersion = 15.0.28307.329
MinimumVisualStudioVersion = 10.0.40219.1
Project("{FAE04EC0-301F-11D3-BF4B-00C04F79EFBC}") = "AngComponentTest", "AngComponentTest\AngComponentTest.csproj", "{A414ECCF-A394-4A19-A71E-28EC97FC11CB}"
EndProject
Global
	GlobalSection(SolutionConfigurationPlatforms) = preSolution
		Debug|Any CPU = Debug|Any CPU
		Release|Any CPU = Release|Any CPU
	EndGlobalSection
	GlobalSection(ProjectConfigurationPlatforms) = postSolution
		{A414ECCF-A394-4A19-A71E-28EC97FC11CB}.Debug|Any CPU.ActiveCfg = Debug|Any CPU
		{A414ECCF-A394-4A19-A71E-28EC97FC11CB}.Debug|Any CPU.Build.0 = Debug|Any CPU
		{A414ECCF-A394-4A19-A71E-28EC97FC11CB}.Release|Any CPU.ActiveCfg = Release|Any CPU
		{A414ECCF-A394-4A19-A71E-28EC97FC11CB}.Release|Any CPU.Build.0 = Release|Any CPU
	EndGlobalSection
	GlobalSection(SolutionProperties) = preSolution
		HideSolutionNode = FALSE
	EndGlobalSection
	GlobalSection(ExtensibilityGlobals) = postSolution
		SolutionGuid = {DDEB5E83-F98D-42FC-9574-9CA7C740EEA5}
	EndGlobalSection
EndGlobal
